
Microsoft Visual Studio Solution File, Format Version 12.00
Project("{FAE04EC0-301F-11D3-BF4B-00C04F79EFBC}") = "HR-DB Exam Linq", "HR-DB Exam Linq\HR-DB Exam Linq.csproj", "{FF51F14F-89F1-4E55-B2AE-F0AE08EF63B1}"
EndProject
Global
	GlobalSection(SolutionConfigurationPlatforms) = preSolution
		Debug|Any CPU = Debug|Any CPU
		Release|Any CPU = Release|Any CPU
	EndGlobalSection
	GlobalSection(ProjectConfigurationPlatforms) = postSolution
		{FF51F14F-89F1-4E55-B2AE-F0AE08EF63B1}.Debug|Any CPU.ActiveCfg = Debug|Any CPU
		{FF51F14F-89F1-4E55-B2AE-F0AE08EF63B1}.Debug|Any CPU.Build.0 = Debug|Any CPU
		{FF51F14F-89F1-4E55-B2AE-F0AE08EF63B1}.Release|Any CPU.ActiveCfg = Release|Any CPU
		{FF51F14F-89F1-4E55-B2AE-F0AE08EF63B1}.Release|Any CPU.Build.0 = Release|Any CPU
	EndGlobalSection
EndGlobal
